
Microsoft Visual Studio Solution File, Format Version 12.00
# Visual Studio Version 17
VisualStudioVersion = 17.8.34511.84
MinimumVisualStudioVersion = 10.0.40219.1
Project("{9A19103F-16F7-4668-BE54-9A1E7A4F7556}") = "ForecastEvaluator", "ForecastEvaluator.csproj", "{510D7489-D368-43D1-912A-3F02D312C627}"
EndProject
Project("{9A19103F-16F7-4668-BE54-9A1E7A4F7556}") = "TestingApp", "..\ForecastTests\TestingApp.csproj", "{708F1C6F-6EE7-47F0-B695-46216FD37768}"
EndProject
Global
	GlobalSection(SolutionConfigurationPlatforms) = preSolution
		Debug|Any CPU = Debug|Any CPU
		Release|Any CPU = Release|Any CPU
	EndGlobalSection
	GlobalSection(ProjectConfigurationPlatforms) = postSolution
		{510D7489-D368-43D1-912A-3F02D312C627}.Debug|Any CPU.ActiveCfg = Debug|Any CPU
		{510D7489-D368-43D1-912A-3F02D312C627}.Debug|Any CPU.Build.0 = Debug|Any CPU
		{510D7489-D368-43D1-912A-3F02D312C627}.Release|Any CPU.ActiveCfg = Release|Any CPU
		{510D7489-D368-43D1-912A-3F02D312C627}.Release|Any CPU.Build.0 = Release|Any CPU
		{708F1C6F-6EE7-47F0-B695-46216FD37768}.Debug|Any CPU.ActiveCfg = Debug|Any CPU
		{708F1C6F-6EE7-47F0-B695-46216FD37768}.Debug|Any CPU.Build.0 = Debug|Any CPU
		{708F1C6F-6EE7-47F0-B695-46216FD37768}.Release|Any CPU.ActiveCfg = Release|Any CPU
		{708F1C6F-6EE7-47F0-B695-46216FD37768}.Release|Any CPU.Build.0 = Release|Any CPU
	EndGlobalSection
	GlobalSection(SolutionProperties) = preSolution
		HideSolutionNode = FALSE
	EndGlobalSection
	GlobalSection(ExtensibilityGlobals) = postSolution
		SolutionGuid = {B02AD3C7-3470-446A-BDFB-5AED9B56D07E}
	EndGlobalSection
EndGlobal
